<?xml version="1.0" encoding="utf-8"?>
<Project ToolsVersion="4.0" xmlns="http://schemas.microsoft.com/developer/msbuild/2003">
  <ItemGroup>
    <Filter Include="Core">
      <UniqueIdentifier>{fc1b956f-01f0-4600-974f-1f1b3090da69}</UniqueIdentifier>
    </Filter>
    <Filter Include="Support">
      <UniqueIdentifier>{ac59caf5-0a05-4570-b4b9-0ee1207248b6}</UniqueIdentifier>
    </Filter>
    <Filter Include="Core\Interfaces">
      <UniqueIdentifier>{a24c84da-ee5e-4649-810c-13d8c61efafe}</UniqueIdentifier>
    </Filter>
    <Filter Include="Core\net">
      <UniqueIdentifier>{35491f31-42bc-4904-bba0-9a81c3e0d208}</UniqueIdentifier>
    </Filter>
  </ItemGroup>
  <ItemGroup>
    <ClInclude Include="JCS_Socket.h">
      <Filter>Core\Interfaces</Filter>
    </ClInclude>
    <ClInclude Include="Socket_StdAfx.h" />
    <ClInclude Include="Winsock2_Socket.h">
      <Filter>Core</Filter>
    </ClInclude>
    <ClInclude Include="Socket_Lib.h">
      <Filter>Support</Filter>
    </ClInclude>
    <ClInclude Include="Socket_CrashReason.h">
      <Filter>Support</Filter>
    </ClInclude>
    <ClInclude Include="Asio_Socket.h">
      <Filter>Core</Filter>
    </ClInclude>
    <ClInclude Include="JCS_PacketDecoder.h">
      <Filter>Core\Interfaces</Filter>
    </ClInclude>
    <ClInclude Include="JCS_PacketEncoder.h">
      <Filter>Core\Interfaces</Filter>
    </ClInclude>
    <ClInclude Include="NetworkConstants.h" />
    <ClInclude Include="JCS_DefaultPacketEncoder.h">
      <Filter>Core\net</Filter>
    </ClInclude>
    <ClInclude Include="JCS_DefaultPacketDecoder.h">
      <Filter>Core\net</Filter>
    </ClInclude>
    <ClInclude Include="JCS_DefaultCodecFactory.h">
      <Filter>Core\net</Filter>
    </ClInclude>
    <ClInclude Include="JCS_CodecFactory.h">
      <Filter>Core\Interfaces</Filter>
    </ClInclude>
    <ClInclude Include="SDLNet_Socket.h">
      <Filter>Core</Filter>
    </ClInclude>
  </ItemGroup>
  <ItemGroup>
    <ClCompile Include="Winsock2_Socket.cpp">
      <Filter>Core</Filter>
    </ClCompile>
    <ClCompile Include="Asio_Socket.cpp">
      <Filter>Core</Filter>
    </ClCompile>
    <ClCompile Include="JCS_DefaultPacketEncoder.cpp">
      <Filter>Core\net</Filter>
    </ClCompile>
    <ClCompile Include="JCS_DefaultPacketDecoder.cpp">
      <Filter>Core\net</Filter>
    </ClCompile>
    <ClCompile Include="JCS_DefaultCodecFactory.cpp">
      <Filter>Core\net</Filter>
    </ClCompile>
    <ClCompile Include="SDLNet_Socket.cpp">
      <Filter>Core</Filter>
    </ClCompile>
  </ItemGroup>
  <ItemGroup>
    <Text Include="CMakeLists.txt" />
  </ItemGroup>
</Project>