
Microsoft Visual Studio Solution File, Format Version 12.00
# Visual Studio 2013
VisualStudioVersion = 12.0.40629.0
MinimumVisualStudioVersion = 10.0.40219.1
Project("{8BC9CEB8-8B4A-11D0-8D11-00A0C91BC942}") = "D3DVS2013_Test_JCS", "D3DVS2013_Test_JCS\D3DVS2013_Test_JCS.vcxproj", "{9C71F24B-0401-4D5F-B604-FBBBCE504975}"
EndProject
Project("{8BC9CEB8-8B4A-11D0-8D11-00A0C91BC942}") = "Direct_2D_Framework_JCS", "Direct_2D_Framework_JCS\Direct_2D_Framework_JCS.vcxproj", "{F193DC59-6B82-4CB4-9813-AF8EDB65D11B}"
EndProject
Project("{8BC9CEB8-8B4A-11D0-8D11-00A0C91BC942}") = "GameTool_JCS", "GameTool_JCS\GameTool_JCS.vcxproj", "{24AFFFD6-3697-42BC-9993-74B992F990DD}"
EndProject
Project("{2150E333-8FDC-42A3-9474-1A3956D46DE8}") = "DirectX Framework", "DirectX Framework", "{503F5342-720E-4222-AA5E-9EAF33EBEDD3}"
EndProject
Project("{2150E333-8FDC-42A3-9474-1A3956D46DE8}") = "Game Layer", "Game Layer", "{8735EB0E-DEE7-4F71-A24F-7469933DD65F}"
EndProject
Project("{2150E333-8FDC-42A3-9474-1A3956D46DE8}") = "Toolbox Layer", "Toolbox Layer", "{C7BA2B3A-683E-4D30-B994-77B121F9C727}"
	ProjectSection(SolutionItems) = preProject
		DirectXTK\DirectXTK_Desktop_2013.sln = DirectXTK\DirectXTK_Desktop_2013.sln
	EndProjectSection
EndProject
Project("{2150E333-8FDC-42A3-9474-1A3956D46DE8}") = "Device Layer", "Device Layer", "{CB600ED4-AB63-488D-B42A-BC4A23407323}"
EndProject
Project("{2150E333-8FDC-42A3-9474-1A3956D46DE8}") = "SDL Framework", "SDL Framework", "{2AE54FE1-CAC0-4ADA-B296-DA8D9C6BC952}"
EndProject
Project("{2150E333-8FDC-42A3-9474-1A3956D46DE8}") = "OpenGL Framework", "OpenGL Framework", "{F9DCFCB0-786A-4B37-8E15-0F52CE9B74CA}"
EndProject
Project("{2150E333-8FDC-42A3-9474-1A3956D46DE8}") = "OS Layer", "OS Layer", "{B85B972C-75A6-4BDB-AA9F-544919765DAD}"
EndProject
Project("{2150E333-8FDC-42A3-9474-1A3956D46DE8}") = "Platform Layer", "Platform Layer", "{CB463A38-047D-48C0-A731-92F61B6AAEE0}"
EndProject
Project("{8BC9CEB8-8B4A-11D0-8D11-00A0C91BC942}") = "SDL_Framework_JCS", "SDL_Framework_JCS\SDL_Framework_JCS.vcxproj", "{F3F2BC16-23DF-419B-8792-99E837C00F32}"
EndProject
Project("{8BC9CEB8-8B4A-11D0-8D11-00A0C91BC942}") = "OpenGL_Framework_JCS", "OpenGL_Framework_JCS\OpenGL_Framework_JCS.vcxproj", "{6AFEB3C7-889A-4960-A09A-05577BF1E2BF}"
EndProject
Project("{8BC9CEB8-8B4A-11D0-8D11-00A0C91BC942}") = "GameInterface_JCS", "GameInterface_JCS\GameInterface_JCS.vcxproj", "{30387F45-876B-4A0E-ACF5-8992625551AF}"
EndProject
Project("{8BC9CEB8-8B4A-11D0-8D11-00A0C91BC942}") = "DirectX_3D_v11_Framework_JCS", "DirectX_3D_v11_Framework_JCS\DirectX_3D_v11_Framework_JCS.vcxproj", "{A1A45DD5-729A-4EDC-B950-F4216846E120}"
EndProject
Project("{8BC9CEB8-8B4A-11D0-8D11-00A0C91BC942}") = "DirectX_3D_v9_Framework_JCS", "DirectX_3D_v9_Framework_JCS\DirectX_3D_v9_Framework_JCS.vcxproj", "{BED0B48C-723E-40CC-8AC5-20B172304749}"
EndProject
Project("{8BC9CEB8-8B4A-11D0-8D11-00A0C91BC942}") = "DirectXTK_Desktop_2013", "DirectXTK\DirectXTK_Desktop_2013.vcxproj", "{E0B52AE7-E160-4D32-BF3F-910B785E5A8E}"
EndProject
Project("{2150E333-8FDC-42A3-9474-1A3956D46DE8}") = "Scripting Layer", "Scripting Layer", "{E3130281-7ADD-4267-A263-11EBD0765808}"
EndProject
Project("{8BC9CEB8-8B4A-11D0-8D11-00A0C91BC942}") = "LuaEngine_JCS", "LuaEngine_JCS\LuaEngine_JCS.vcxproj", "{90A2A56A-D939-4C6A-A04B-B17C487F15DC}"
EndProject
Project("{2150E333-8FDC-42A3-9474-1A3956D46DE8}") = "Libraries", "Libraries", "{278BC426-DB44-4EC6-80B5-DDE9F5494677}"
EndProject
Project("{8BC9CEB8-8B4A-11D0-8D11-00A0C91BC942}") = "Box2D", "Box2D\Box2D.vcxproj", "{ED709D62-890E-415F-8DA8-DD172EA1FED8}"
EndProject
Project("{8BC9CEB8-8B4A-11D0-8D11-00A0C91BC942}") = "GameInput_JCS", "GameInput_JCS\GameInput_JCS.vcxproj", "{D9FBF330-E071-4177-B5A4-022C772032A1}"
EndProject
Project("{2150E333-8FDC-42A3-9474-1A3956D46DE8}") = "GUI Layer", "GUI Layer", "{741A7E21-38D7-439F-80D0-CE9DADABA43C}"
EndProject
Project("{2150E333-8FDC-42A3-9474-1A3956D46DE8}") = "Utility Layer", "Utility Layer", "{D56AB0C0-1DBC-4BFA-BB79-9F7C74C09638}"
EndProject
Project("{8BC9CEB8-8B4A-11D0-8D11-00A0C91BC942}") = "GameResourceS_JCS", "GameResourceS_JCS\GameResourceS_JCS.vcxproj", "{646603A9-10E9-4A58-8D93-E63141FC2C2E}"
EndProject
Project("{8BC9CEB8-8B4A-11D0-8D11-00A0C91BC942}") = "GameSound_JCS", "GameSound_JCS\GameSound_JCS.vcxproj", "{A109D5EE-8B4E-4906-B8ED-17A2DF6FD90C}"
EndProject
Project("{8BC9CEB8-8B4A-11D0-8D11-00A0C91BC942}") = "Utility_GameResourceS_JCS_Test_VS2013", "Utility_GameResourceS_JCS_Test_VS2013\Utility_GameResourceS_JCS_Test_VS2013.vcxproj", "{D9E7E92B-B5F0-488A-ABB2-398CB99FB77C}"
EndProject
Project("{8BC9CEB8-8B4A-11D0-8D11-00A0C91BC942}") = "JcsLib", "JcsLib\JcsLib.vcxproj", "{85F1FF71-5FF6-4D63-94AC-98B980107786}"
EndProject
Project("{8BC9CEB8-8B4A-11D0-8D11-00A0C91BC942}") = "GUI_Framework_JCS", "GUI_Framework_JCS\GUI_Framework_JCS.vcxproj", "{65379DE0-597B-4AD9-AC21-9D1D15ACAA7B}"
EndProject
Project("{8BC9CEB8-8B4A-11D0-8D11-00A0C91BC942}") = "JayCeS Maker", "JayCeS Maker\JayCeS Maker.vcxproj", "{40955A89-176B-442F-870B-6E076BF779CA}"
EndProject
Project("{8BC9CEB8-8B4A-11D0-8D11-00A0C91BC942}") = "JayCeS_JCS", "JayCeS_JCS\JayCeS_JCS.vcxproj", "{7B9CA971-B019-4627-9423-49EF968948A4}"
EndProject
Project("{2150E333-8FDC-42A3-9474-1A3956D46DE8}") = "Licence", "Licence", "{B8B2DE23-B1D7-418D-AB8E-20679718340E}"
	ProjectSection(SolutionItems) = preProject
		Licence\LICENSE.txt = Licence\LICENSE.txt
	EndProjectSection
EndProject
Project("{2150E333-8FDC-42A3-9474-1A3956D46DE8}") = "SFML Framework", "SFML Framework", "{87E08427-C59C-42DC-91D6-B27BD67E3DFE}"
EndProject
Project("{8BC9CEB8-8B4A-11D0-8D11-00A0C91BC942}") = "SFML_Framework_JCS", "SFML_Framework_JCS\SFML_Framework_JCS.vcxproj", "{6653903B-E611-4260-A10D-1C238F77B57A}"
EndProject
Project("{8BC9CEB8-8B4A-11D0-8D11-00A0C91BC942}") = "Test_VS2013_JayCeS_OS", "Test_VS2013_JayCeS_OS\Test_VS2013_JayCeS_OS.vcxproj", "{B72EDF99-BDF7-4990-A7AF-EFFD971A6CAE}"
EndProject
Project("{8BC9CEB8-8B4A-11D0-8D11-00A0C91BC942}") = "JayCeS_GamePatcher", "JayCeS_GamePatcher\JayCeS_GamePatcher.vcxproj", "{031D52D4-0410-4813-B1C1-F1344931B697}"
EndProject
Project("{8BC9CEB8-8B4A-11D0-8D11-00A0C91BC942}") = "Test_VS2013_GamePatcher_Game", "Test_VS2013_GamePatcher_Game\Test_VS2013_GamePatcher_Game.vcxproj", "{D6EC46EB-105D-4077-B0F0-4A40DE03D859}"
EndProject
Project("{8BC9CEB8-8B4A-11D0-8D11-00A0C91BC942}") = "DirectX_3D_v12_Framework_JCS", "DirectX_3D_v12_Framework_JCS\DirectX_3D_v12_Framework_JCS.vcxproj", "{E282AE3D-3D44-4BE2-9A54-354FD53AD6ED}"
EndProject
Project("{2150E333-8FDC-42A3-9474-1A3956D46DE8}") = "Example Project", "Example Project", "{0CC053A9-6126-49D6-A5CF-3C7C834CA5FA}"
EndProject
Project("{2150E333-8FDC-42A3-9474-1A3956D46DE8}") = "Test Project", "Test Project", "{7F56AF55-2309-41CB-90B2-A0D8D54255B8}"
EndProject
Project("{2150E333-8FDC-42A3-9474-1A3956D46DE8}") = "Allegro Framework", "Allegro Framework", "{EE8AF95F-1295-4BC9-B87B-B49B1CC64DF3}"
EndProject
Project("{8BC9CEB8-8B4A-11D0-8D11-00A0C91BC942}") = "Allegro_Framework_JCS", "Allegro_Framework_JCS\Allegro_Framework_JCS.vcxproj", "{74C915CB-B113-488F-8179-4236D9F05F74}"
EndProject
Project("{8BC9CEB8-8B4A-11D0-8D11-00A0C91BC942}") = "Socket_Framework_JCS", "Socket_Framework_JCS\Socket_Framework_JCS.vcxproj", "{8EB497F9-0BB5-4C63-9879-0B609E3F887D}"
EndProject
Global
	GlobalSection(SolutionConfigurationPlatforms) = preSolution
		Debug|Win32 = Debug|Win32
		Debug|x64 = Debug|x64
		Release|Win32 = Release|Win32
		Release|x64 = Release|x64
	EndGlobalSection
	GlobalSection(ProjectConfigurationPlatforms) = postSolution
		{9C71F24B-0401-4D5F-B604-FBBBCE504975}.Debug|Win32.ActiveCfg = Debug|Win32
		{9C71F24B-0401-4D5F-B604-FBBBCE504975}.Debug|Win32.Build.0 = Debug|Win32
		{9C71F24B-0401-4D5F-B604-FBBBCE504975}.Debug|x64.ActiveCfg = Debug|Win32
		{9C71F24B-0401-4D5F-B604-FBBBCE504975}.Release|Win32.ActiveCfg = Release|Win32
		{9C71F24B-0401-4D5F-B604-FBBBCE504975}.Release|Win32.Build.0 = Release|Win32
		{9C71F24B-0401-4D5F-B604-FBBBCE504975}.Release|x64.ActiveCfg = Release|Win32
		{F193DC59-6B82-4CB4-9813-AF8EDB65D11B}.Debug|Win32.ActiveCfg = Debug|Win32
		{F193DC59-6B82-4CB4-9813-AF8EDB65D11B}.Debug|Win32.Build.0 = Debug|Win32
		{F193DC59-6B82-4CB4-9813-AF8EDB65D11B}.Debug|x64.ActiveCfg = Debug|Win32
		{F193DC59-6B82-4CB4-9813-AF8EDB65D11B}.Release|Win32.ActiveCfg = Release|Win32
		{F193DC59-6B82-4CB4-9813-AF8EDB65D11B}.Release|Win32.Build.0 = Release|Win32
		{F193DC59-6B82-4CB4-9813-AF8EDB65D11B}.Release|x64.ActiveCfg = Release|Win32
		{24AFFFD6-3697-42BC-9993-74B992F990DD}.Debug|Win32.ActiveCfg = Debug|Win32
		{24AFFFD6-3697-42BC-9993-74B992F990DD}.Debug|Win32.Build.0 = Debug|Win32
		{24AFFFD6-3697-42BC-9993-74B992F990DD}.Debug|x64.ActiveCfg = Debug|Win32
		{24AFFFD6-3697-42BC-9993-74B992F990DD}.Release|Win32.ActiveCfg = Release|Win32
		{24AFFFD6-3697-42BC-9993-74B992F990DD}.Release|Win32.Build.0 = Release|Win32
		{24AFFFD6-3697-42BC-9993-74B992F990DD}.Release|x64.ActiveCfg = Release|Win32
		{F3F2BC16-23DF-419B-8792-99E837C00F32}.Debug|Win32.ActiveCfg = Debug|Win32
		{F3F2BC16-23DF-419B-8792-99E837C00F32}.Debug|Win32.Build.0 = Debug|Win32
		{F3F2BC16-23DF-419B-8792-99E837C00F32}.Debug|x64.ActiveCfg = Debug|Win32
		{F3F2BC16-23DF-419B-8792-99E837C00F32}.Release|Win32.ActiveCfg = Release|Win32
		{F3F2BC16-23DF-419B-8792-99E837C00F32}.Release|Win32.Build.0 = Release|Win32
		{F3F2BC16-23DF-419B-8792-99E837C00F32}.Release|x64.ActiveCfg = Release|Win32
		{6AFEB3C7-889A-4960-A09A-05577BF1E2BF}.Debug|Win32.ActiveCfg = Debug|Win32
		{6AFEB3C7-889A-4960-A09A-05577BF1E2BF}.Debug|Win32.Build.0 = Debug|Win32
		{6AFEB3C7-889A-4960-A09A-05577BF1E2BF}.Debug|x64.ActiveCfg = Debug|Win32
		{6AFEB3C7-889A-4960-A09A-05577BF1E2BF}.Release|Win32.ActiveCfg = Release|Win32
		{6AFEB3C7-889A-4960-A09A-05577BF1E2BF}.Release|Win32.Build.0 = Release|Win32
		{6AFEB3C7-889A-4960-A09A-05577BF1E2BF}.Release|x64.ActiveCfg = Release|Win32
		{30387F45-876B-4A0E-ACF5-8992625551AF}.Debug|Win32.ActiveCfg = Debug|Win32
		{30387F45-876B-4A0E-ACF5-8992625551AF}.Debug|Win32.Build.0 = Debug|Win32
		{30387F45-876B-4A0E-ACF5-8992625551AF}.Debug|x64.ActiveCfg = Debug|Win32
		{30387F45-876B-4A0E-ACF5-8992625551AF}.Release|Win32.ActiveCfg = Release|Win32
		{30387F45-876B-4A0E-ACF5-8992625551AF}.Release|Win32.Build.0 = Release|Win32
		{30387F45-876B-4A0E-ACF5-8992625551AF}.Release|x64.ActiveCfg = Release|Win32
		{A1A45DD5-729A-4EDC-B950-F4216846E120}.Debug|Win32.ActiveCfg = Debug|Win32
		{A1A45DD5-729A-4EDC-B950-F4216846E120}.Debug|Win32.Build.0 = Debug|Win32
		{A1A45DD5-729A-4EDC-B950-F4216846E120}.Debug|x64.ActiveCfg = Debug|Win32
		{A1A45DD5-729A-4EDC-B950-F4216846E120}.Release|Win32.ActiveCfg = Release|Win32
		{A1A45DD5-729A-4EDC-B950-F4216846E120}.Release|Win32.Build.0 = Release|Win32
		{A1A45DD5-729A-4EDC-B950-F4216846E120}.Release|x64.ActiveCfg = Release|Win32
		{BED0B48C-723E-40CC-8AC5-20B172304749}.Debug|Win32.ActiveCfg = Debug|Win32
		{BED0B48C-723E-40CC-8AC5-20B172304749}.Debug|Win32.Build.0 = Debug|Win32
		{BED0B48C-723E-40CC-8AC5-20B172304749}.Debug|x64.ActiveCfg = Debug|Win32
		{BED0B48C-723E-40CC-8AC5-20B172304749}.Release|Win32.ActiveCfg = Release|Win32
		{BED0B48C-723E-40CC-8AC5-20B172304749}.Release|Win32.Build.0 = Release|Win32
		{BED0B48C-723E-40CC-8AC5-20B172304749}.Release|x64.ActiveCfg = Release|Win32
		{E0B52AE7-E160-4D32-BF3F-910B785E5A8E}.Debug|Win32.ActiveCfg = Debug|Win32
		{E0B52AE7-E160-4D32-BF3F-910B785E5A8E}.Debug|Win32.Build.0 = Debug|Win32
		{E0B52AE7-E160-4D32-BF3F-910B785E5A8E}.Debug|x64.ActiveCfg = Debug|x64
		{E0B52AE7-E160-4D32-BF3F-910B785E5A8E}.Debug|x64.Build.0 = Debug|x64
		{E0B52AE7-E160-4D32-BF3F-910B785E5A8E}.Release|Win32.ActiveCfg = Release|Win32
		{E0B52AE7-E160-4D32-BF3F-910B785E5A8E}.Release|Win32.Build.0 = Release|Win32
		{E0B52AE7-E160-4D32-BF3F-910B785E5A8E}.Release|x64.ActiveCfg = Release|x64
		{E0B52AE7-E160-4D32-BF3F-910B785E5A8E}.Release|x64.Build.0 = Release|x64
		{90A2A56A-D939-4C6A-A04B-B17C487F15DC}.Debug|Win32.ActiveCfg = Debug|Win32
		{90A2A56A-D939-4C6A-A04B-B17C487F15DC}.Debug|Win32.Build.0 = Debug|Win32
		{90A2A56A-D939-4C6A-A04B-B17C487F15DC}.Debug|x64.ActiveCfg = Debug|Win32
		{90A2A56A-D939-4C6A-A04B-B17C487F15DC}.Release|Win32.ActiveCfg = Release|Win32
		{90A2A56A-D939-4C6A-A04B-B17C487F15DC}.Release|Win32.Build.0 = Release|Win32
		{90A2A56A-D939-4C6A-A04B-B17C487F15DC}.Release|x64.ActiveCfg = Release|Win32
		{ED709D62-890E-415F-8DA8-DD172EA1FED8}.Debug|Win32.ActiveCfg = Debug|Win32
		{ED709D62-890E-415F-8DA8-DD172EA1FED8}.Debug|Win32.Build.0 = Debug|Win32
		{ED709D62-890E-415F-8DA8-DD172EA1FED8}.Debug|x64.ActiveCfg = Debug|Win32
		{ED709D62-890E-415F-8DA8-DD172EA1FED8}.Release|Win32.ActiveCfg = Release|Win32
		{ED709D62-890E-415F-8DA8-DD172EA1FED8}.Release|Win32.Build.0 = Release|Win32
		{ED709D62-890E-415F-8DA8-DD172EA1FED8}.Release|x64.ActiveCfg = Release|Win32
		{D9FBF330-E071-4177-B5A4-022C772032A1}.Debug|Win32.ActiveCfg = Debug|Win32
		{D9FBF330-E071-4177-B5A4-022C772032A1}.Debug|Win32.Build.0 = Debug|Win32
		{D9FBF330-E071-4177-B5A4-022C772032A1}.Debug|x64.ActiveCfg = Debug|Win32
		{D9FBF330-E071-4177-B5A4-022C772032A1}.Release|Win32.ActiveCfg = Release|Win32
		{D9FBF330-E071-4177-B5A4-022C772032A1}.Release|Win32.Build.0 = Release|Win32
		{D9FBF330-E071-4177-B5A4-022C772032A1}.Release|x64.ActiveCfg = Release|Win32
		{646603A9-10E9-4A58-8D93-E63141FC2C2E}.Debug|Win32.ActiveCfg = Debug|Win32
		{646603A9-10E9-4A58-8D93-E63141FC2C2E}.Debug|Win32.Build.0 = Debug|Win32
		{646603A9-10E9-4A58-8D93-E63141FC2C2E}.Debug|x64.ActiveCfg = Debug|Win32
		{646603A9-10E9-4A58-8D93-E63141FC2C2E}.Release|Win32.ActiveCfg = Release|Win32
		{646603A9-10E9-4A58-8D93-E63141FC2C2E}.Release|Win32.Build.0 = Release|Win32
		{646603A9-10E9-4A58-8D93-E63141FC2C2E}.Release|x64.ActiveCfg = Release|Win32
		{A109D5EE-8B4E-4906-B8ED-17A2DF6FD90C}.Debug|Win32.ActiveCfg = Debug|Win32
		{A109D5EE-8B4E-4906-B8ED-17A2DF6FD90C}.Debug|Win32.Build.0 = Debug|Win32
		{A109D5EE-8B4E-4906-B8ED-17A2DF6FD90C}.Debug|x64.ActiveCfg = Debug|Win32
		{A109D5EE-8B4E-4906-B8ED-17A2DF6FD90C}.Release|Win32.ActiveCfg = Release|Win32
		{A109D5EE-8B4E-4906-B8ED-17A2DF6FD90C}.Release|Win32.Build.0 = Release|Win32
		{A109D5EE-8B4E-4906-B8ED-17A2DF6FD90C}.Release|x64.ActiveCfg = Release|Win32
		{D9E7E92B-B5F0-488A-ABB2-398CB99FB77C}.Debug|Win32.ActiveCfg = Debug|Win32
		{D9E7E92B-B5F0-488A-ABB2-398CB99FB77C}.Debug|Win32.Build.0 = Debug|Win32
		{D9E7E92B-B5F0-488A-ABB2-398CB99FB77C}.Debug|x64.ActiveCfg = Debug|Win32
		{D9E7E92B-B5F0-488A-ABB2-398CB99FB77C}.Release|Win32.ActiveCfg = Release|Win32
		{D9E7E92B-B5F0-488A-ABB2-398CB99FB77C}.Release|Win32.Build.0 = Release|Win32
		{D9E7E92B-B5F0-488A-ABB2-398CB99FB77C}.Release|x64.ActiveCfg = Release|Win32
		{85F1FF71-5FF6-4D63-94AC-98B980107786}.Debug|Win32.ActiveCfg = Debug|Win32
		{85F1FF71-5FF6-4D63-94AC-98B980107786}.Debug|Win32.Build.0 = Debug|Win32
		{85F1FF71-5FF6-4D63-94AC-98B980107786}.Debug|x64.ActiveCfg = Debug|Win32
		{85F1FF71-5FF6-4D63-94AC-98B980107786}.Release|Win32.ActiveCfg = Release|Win32
		{85F1FF71-5FF6-4D63-94AC-98B980107786}.Release|Win32.Build.0 = Release|Win32
		{85F1FF71-5FF6-4D63-94AC-98B980107786}.Release|x64.ActiveCfg = Release|Win32
		{65379DE0-597B-4AD9-AC21-9D1D15ACAA7B}.Debug|Win32.ActiveCfg = Debug|Win32
		{65379DE0-597B-4AD9-AC21-9D1D15ACAA7B}.Debug|Win32.Build.0 = Debug|Win32
		{65379DE0-597B-4AD9-AC21-9D1D15ACAA7B}.Debug|x64.ActiveCfg = Debug|Win32
		{65379DE0-597B-4AD9-AC21-9D1D15ACAA7B}.Release|Win32.ActiveCfg = Release|Win32
		{65379DE0-597B-4AD9-AC21-9D1D15ACAA7B}.Release|Win32.Build.0 = Release|Win32
		{65379DE0-597B-4AD9-AC21-9D1D15ACAA7B}.Release|x64.ActiveCfg = Release|Win32
		{40955A89-176B-442F-870B-6E076BF779CA}.Debug|Win32.ActiveCfg = Debug|Win32
		{40955A89-176B-442F-870B-6E076BF779CA}.Debug|Win32.Build.0 = Debug|Win32
		{40955A89-176B-442F-870B-6E076BF779CA}.Debug|x64.ActiveCfg = Debug|Win32
		{40955A89-176B-442F-870B-6E076BF779CA}.Release|Win32.ActiveCfg = Release|Win32
		{40955A89-176B-442F-870B-6E076BF779CA}.Release|Win32.Build.0 = Release|Win32
		{40955A89-176B-442F-870B-6E076BF779CA}.Release|x64.ActiveCfg = Release|Win32
		{7B9CA971-B019-4627-9423-49EF968948A4}.Debug|Win32.ActiveCfg = Debug|Win32
		{7B9CA971-B019-4627-9423-49EF968948A4}.Debug|Win32.Build.0 = Debug|Win32
		{7B9CA971-B019-4627-9423-49EF968948A4}.Debug|x64.ActiveCfg = Debug|Win32
		{7B9CA971-B019-4627-9423-49EF968948A4}.Release|Win32.ActiveCfg = Release|Win32
		{7B9CA971-B019-4627-9423-49EF968948A4}.Release|Win32.Build.0 = Release|Win32
		{7B9CA971-B019-4627-9423-49EF968948A4}.Release|x64.ActiveCfg = Release|Win32
		{6653903B-E611-4260-A10D-1C238F77B57A}.Debug|Win32.ActiveCfg = Debug|Win32
		{6653903B-E611-4260-A10D-1C238F77B57A}.Debug|Win32.Build.0 = Debug|Win32
		{6653903B-E611-4260-A10D-1C238F77B57A}.Debug|x64.ActiveCfg = Debug|Win32
		{6653903B-E611-4260-A10D-1C238F77B57A}.Release|Win32.ActiveCfg = Release|Win32
		{6653903B-E611-4260-A10D-1C238F77B57A}.Release|Win32.Build.0 = Release|Win32
		{6653903B-E611-4260-A10D-1C238F77B57A}.Release|x64.ActiveCfg = Release|Win32
		{B72EDF99-BDF7-4990-A7AF-EFFD971A6CAE}.Debug|Win32.ActiveCfg = Debug|Win32
		{B72EDF99-BDF7-4990-A7AF-EFFD971A6CAE}.Debug|Win32.Build.0 = Debug|Win32
		{B72EDF99-BDF7-4990-A7AF-EFFD971A6CAE}.Debug|x64.ActiveCfg = Debug|Win32
		{B72EDF99-BDF7-4990-A7AF-EFFD971A6CAE}.Release|Win32.ActiveCfg = Release|Win32
		{B72EDF99-BDF7-4990-A7AF-EFFD971A6CAE}.Release|Win32.Build.0 = Release|Win32
		{B72EDF99-BDF7-4990-A7AF-EFFD971A6CAE}.Release|x64.ActiveCfg = Release|Win32
		{031D52D4-0410-4813-B1C1-F1344931B697}.Debug|Win32.ActiveCfg = Debug|Win32
		{031D52D4-0410-4813-B1C1-F1344931B697}.Debug|Win32.Build.0 = Debug|Win32
		{031D52D4-0410-4813-B1C1-F1344931B697}.Debug|x64.ActiveCfg = Debug|Win32
		{031D52D4-0410-4813-B1C1-F1344931B697}.Release|Win32.ActiveCfg = Release|Win32
		{031D52D4-0410-4813-B1C1-F1344931B697}.Release|Win32.Build.0 = Release|Win32
		{031D52D4-0410-4813-B1C1-F1344931B697}.Release|x64.ActiveCfg = Release|Win32
		{D6EC46EB-105D-4077-B0F0-4A40DE03D859}.Debug|Win32.ActiveCfg = Debug|Win32
		{D6EC46EB-105D-4077-B0F0-4A40DE03D859}.Debug|Win32.Build.0 = Debug|Win32
		{D6EC46EB-105D-4077-B0F0-4A40DE03D859}.Debug|x64.ActiveCfg = Debug|Win32
		{D6EC46EB-105D-4077-B0F0-4A40DE03D859}.Release|Win32.ActiveCfg = Release|Win32
		{D6EC46EB-105D-4077-B0F0-4A40DE03D859}.Release|Win32.Build.0 = Release|Win32
		{D6EC46EB-105D-4077-B0F0-4A40DE03D859}.Release|x64.ActiveCfg = Release|Win32
		{E282AE3D-3D44-4BE2-9A54-354FD53AD6ED}.Debug|Win32.ActiveCfg = Debug|Win32
		{E282AE3D-3D44-4BE2-9A54-354FD53AD6ED}.Debug|Win32.Build.0 = Debug|Win32
		{E282AE3D-3D44-4BE2-9A54-354FD53AD6ED}.Debug|x64.ActiveCfg = Debug|Win32
		{E282AE3D-3D44-4BE2-9A54-354FD53AD6ED}.Release|Win32.ActiveCfg = Release|Win32
		{E282AE3D-3D44-4BE2-9A54-354FD53AD6ED}.Release|Win32.Build.0 = Release|Win32
		{E282AE3D-3D44-4BE2-9A54-354FD53AD6ED}.Release|x64.ActiveCfg = Release|Win32
		{74C915CB-B113-488F-8179-4236D9F05F74}.Debug|Win32.ActiveCfg = Debug|Win32
		{74C915CB-B113-488F-8179-4236D9F05F74}.Debug|Win32.Build.0 = Debug|Win32
		{74C915CB-B113-488F-8179-4236D9F05F74}.Debug|x64.ActiveCfg = Debug|Win32
		{74C915CB-B113-488F-8179-4236D9F05F74}.Release|Win32.ActiveCfg = Release|Win32
		{74C915CB-B113-488F-8179-4236D9F05F74}.Release|Win32.Build.0 = Release|Win32
		{74C915CB-B113-488F-8179-4236D9F05F74}.Release|x64.ActiveCfg = Release|Win32
		{8EB497F9-0BB5-4C63-9879-0B609E3F887D}.Debug|Win32.ActiveCfg = Debug|Win32
		{8EB497F9-0BB5-4C63-9879-0B609E3F887D}.Debug|Win32.Build.0 = Debug|Win32
		{8EB497F9-0BB5-4C63-9879-0B609E3F887D}.Debug|x64.ActiveCfg = Debug|Win32
		{8EB497F9-0BB5-4C63-9879-0B609E3F887D}.Release|Win32.ActiveCfg = Release|Win32
		{8EB497F9-0BB5-4C63-9879-0B609E3F887D}.Release|Win32.Build.0 = Release|Win32
		{8EB497F9-0BB5-4C63-9879-0B609E3F887D}.Release|x64.ActiveCfg = Release|Win32
	EndGlobalSection
	GlobalSection(SolutionProperties) = preSolution
		HideSolutionNode = FALSE
	EndGlobalSection
	GlobalSection(NestedProjects) = preSolution
		{9C71F24B-0401-4D5F-B604-FBBBCE504975} = {7F56AF55-2309-41CB-90B2-A0D8D54255B8}
		{F193DC59-6B82-4CB4-9813-AF8EDB65D11B} = {503F5342-720E-4222-AA5E-9EAF33EBEDD3}
		{24AFFFD6-3697-42BC-9993-74B992F990DD} = {C7BA2B3A-683E-4D30-B994-77B121F9C727}
		{503F5342-720E-4222-AA5E-9EAF33EBEDD3} = {CB600ED4-AB63-488D-B42A-BC4A23407323}
		{2AE54FE1-CAC0-4ADA-B296-DA8D9C6BC952} = {CB600ED4-AB63-488D-B42A-BC4A23407323}
		{F9DCFCB0-786A-4B37-8E15-0F52CE9B74CA} = {CB600ED4-AB63-488D-B42A-BC4A23407323}
		{F3F2BC16-23DF-419B-8792-99E837C00F32} = {2AE54FE1-CAC0-4ADA-B296-DA8D9C6BC952}
		{6AFEB3C7-889A-4960-A09A-05577BF1E2BF} = {F9DCFCB0-786A-4B37-8E15-0F52CE9B74CA}
		{30387F45-876B-4A0E-ACF5-8992625551AF} = {C7BA2B3A-683E-4D30-B994-77B121F9C727}
		{A1A45DD5-729A-4EDC-B950-F4216846E120} = {503F5342-720E-4222-AA5E-9EAF33EBEDD3}
		{BED0B48C-723E-40CC-8AC5-20B172304749} = {503F5342-720E-4222-AA5E-9EAF33EBEDD3}
		{E0B52AE7-E160-4D32-BF3F-910B785E5A8E} = {C7BA2B3A-683E-4D30-B994-77B121F9C727}
		{90A2A56A-D939-4C6A-A04B-B17C487F15DC} = {E3130281-7ADD-4267-A263-11EBD0765808}
		{ED709D62-890E-415F-8DA8-DD172EA1FED8} = {278BC426-DB44-4EC6-80B5-DDE9F5494677}
		{D9FBF330-E071-4177-B5A4-022C772032A1} = {CB463A38-047D-48C0-A731-92F61B6AAEE0}
		{646603A9-10E9-4A58-8D93-E63141FC2C2E} = {D56AB0C0-1DBC-4BFA-BB79-9F7C74C09638}
		{A109D5EE-8B4E-4906-B8ED-17A2DF6FD90C} = {CB463A38-047D-48C0-A731-92F61B6AAEE0}
		{D9E7E92B-B5F0-488A-ABB2-398CB99FB77C} = {7F56AF55-2309-41CB-90B2-A0D8D54255B8}
		{85F1FF71-5FF6-4D63-94AC-98B980107786} = {278BC426-DB44-4EC6-80B5-DDE9F5494677}
		{65379DE0-597B-4AD9-AC21-9D1D15ACAA7B} = {741A7E21-38D7-439F-80D0-CE9DADABA43C}
		{40955A89-176B-442F-870B-6E076BF779CA} = {D56AB0C0-1DBC-4BFA-BB79-9F7C74C09638}
		{7B9CA971-B019-4627-9423-49EF968948A4} = {B85B972C-75A6-4BDB-AA9F-544919765DAD}
		{87E08427-C59C-42DC-91D6-B27BD67E3DFE} = {CB600ED4-AB63-488D-B42A-BC4A23407323}
		{6653903B-E611-4260-A10D-1C238F77B57A} = {87E08427-C59C-42DC-91D6-B27BD67E3DFE}
		{B72EDF99-BDF7-4990-A7AF-EFFD971A6CAE} = {7F56AF55-2309-41CB-90B2-A0D8D54255B8}
		{031D52D4-0410-4813-B1C1-F1344931B697} = {D56AB0C0-1DBC-4BFA-BB79-9F7C74C09638}
		{D6EC46EB-105D-4077-B0F0-4A40DE03D859} = {0CC053A9-6126-49D6-A5CF-3C7C834CA5FA}
		{E282AE3D-3D44-4BE2-9A54-354FD53AD6ED} = {503F5342-720E-4222-AA5E-9EAF33EBEDD3}
		{0CC053A9-6126-49D6-A5CF-3C7C834CA5FA} = {8735EB0E-DEE7-4F71-A24F-7469933DD65F}
		{7F56AF55-2309-41CB-90B2-A0D8D54255B8} = {8735EB0E-DEE7-4F71-A24F-7469933DD65F}
		{EE8AF95F-1295-4BC9-B87B-B49B1CC64DF3} = {CB600ED4-AB63-488D-B42A-BC4A23407323}
		{74C915CB-B113-488F-8179-4236D9F05F74} = {EE8AF95F-1295-4BC9-B87B-B49B1CC64DF3}
		{8EB497F9-0BB5-4C63-9879-0B609E3F887D} = {B85B972C-75A6-4BDB-AA9F-544919765DAD}
	EndGlobalSection
EndGlobal
